// !$*UTF8*$!
{
	archiveVersion = 1;
	classes = {
	};
	objectVersion = 46;
	objects = {

/* Begin PBXBuildFile section */
		6E7A83D7878FF595E32D47A0 /* libPods.a in Frameworks */ = {isa = PBXBuildFile; fileRef = 52066D08CA701697E2C58B60 /* libPods.a */; };
		D2B3CBB41AFCDB4E00ACD2A6 /* main.m in Sources */ = {isa = PBXBuildFile; fileRef = D2B3CBB31AFCDB4E00ACD2A6 /* main.m */; };
		D2B3CBB71AFCDB4E00ACD2A6 /* AppDelegate.m in Sources */ = {isa = PBXBuildFile; fileRef = D2B3CBB61AFCDB4E00ACD2A6 /* AppDelegate.m */; };
		D2B3CBBA1AFCDB4E00ACD2A6 /* ViewController.m in Sources */ = {isa = PBXBuildFile; fileRef = D2B3CBB91AFCDB4E00ACD2A6 /* ViewController.m */; };
		D2B3CBBF1AFCDB4E00ACD2A6 /* Images.xcassets in Resources */ = {isa = PBXBuildFile; fileRef = D2B3CBBE1AFCDB4E00ACD2A6 /* Images.xcassets */; };
		D2B3CBC21AFCDB4E00ACD2A6 /* LaunchScreen.xib in Resources */ = {isa = PBXBuildFile; fileRef = D2B3CBC01AFCDB4E00ACD2A6 /* LaunchScreen.xib */; };
		D2B3CBE01AFCDC9000ACD2A6 /* Main.storyboard in Resources */ = {isa = PBXBuildFile; fileRef = D2B3CBDF1AFCDC9000ACD2A6 /* Main.storyboard */; };
/* End PBXBuildFile section */

/* Begin PBXFileReference section */
		52066D08CA701697E2C58B60 /* libPods.a */ = {isa = PBXFileReference; explicitFileType = archive.ar; includeInIndex = 0; path = libPods.a; sourceTree = BUILT_PRODUCTS_DIR; };
		AEC711AEF7DEDD24C6F9BE73 /* Pods.release.xcconfig */ = {isa = PBXFileReference; includeInIndex = 1; lastKnownFileType = text.xcconfig; name = Pods.release.xcconfig; path = "Pods/Target Support Files/Pods/Pods.release.xcconfig"; sourceTree = "<group>"; };
		D2B3CBAE1AFCDB4E00ACD2A6 /* SocketClusterIOSSample.app */ = {isa = PBXFileReference; explicitFileType = wrapper.application; includeInIndex = 0; path = SocketClusterIOSSample.app; sourceTree = BUILT_PRODUCTS_DIR; };
		D2B3CBB21AFCDB4E00ACD2A6 /* Info.plist */ = {isa = PBXFileReference; lastKnownFileType = text.plist.xml; path = Info.plist; sourceTree = "<group>"; };
		D2B3CBB31AFCDB4E00ACD2A6 /* main.m */ = {isa = PBXFileReference; lastKnownFileType = sourcecode.c.objc; path = main.m; sourceTree = "<group>"; };
		D2B3CBB51AFCDB4E00ACD2A6 /* AppDelegate.h */ = {isa = PBXFileReference; lastKnownFileType = sourcecode.c.h; path = AppDelegate.h; sourceTree = "<group>"; };
		D2B3CBB61AFCDB4E00ACD2A6 /* AppDelegate.m */ = {isa = PBXFileReference; lastKnownFileType = sourcecode.c.objc; path = AppDelegate.m; sourceTree = "<group>"; };
		D2B3CBB81AFCDB4E00ACD2A6 /* ViewController.h */ = {isa = PBXFileReference; lastKnownFileType = sourcecode.c.h; path = ViewController.h; sourceTree = "<group>"; };
		D2B3CBB91AFCDB4E00ACD2A6 /* ViewController.m */ = {isa = PBXFileReference; lastKnownFileType = sourcecode.c.objc; path = ViewController.m; sourceTree = "<group>"; };
		D2B3CBBE1AFCDB4E00ACD2A6 /* Images.xcassets */ = {isa = PBXFileReference; lastKnownFileType = folder.assetcatalog; path = Images.xcassets; sourceTree = "<group>"; };
		D2B3CBC11AFCDB4E00ACD2A6 /* Base */ = {isa = PBXFileReference; lastKnownFileType = file.xib; name = Base; path = Base.lproj/LaunchScreen.xib; sourceTree = "<group>"; };
		D2B3CBDF1AFCDC9000ACD2A6 /* Main.storyboard */ = {isa = PBXFileReference; fileEncoding = 4; lastKnownFileType = file.storyboard; path = Main.storyboard; sourceTree = "<group>"; };
		EB1764FA7C51DA066EBEB32E /* Pods.debug.xcconfig */ = {isa = PBXFileReference; includeInIndex = 1; lastKnownFileType = text.xcconfig; name = Pods.debug.xcconfig; path = "Pods/Target Support Files/Pods/Pods.debug.xcconfig"; sourceTree = "<group>"; };
/* End PBXFileReference section */

/* Begin PBXFrameworksBuildPhase section */
		D2B3CBAB1AFCDB4E00ACD2A6 /* Frameworks */ = {
			isa = PBXFrameworksBuildPhase;
			buildActionMask = 2147483647;
			files = (
				6E7A83D7878FF595E32D47A0 /* libPods.a in Frameworks */,
			);
			runOnlyForDeploymentPostprocessing = 0;
		};
/* End PBXFrameworksBuildPhase section */

/* Begin PBXGroup section */
		3E8235D08DD60BA555097964 /* Frameworks */ = {
			isa = PBXGroup;
			children = (
				52066D08CA701697E2C58B60 /* libPods.a */,
			);
			name = Frameworks;
			sourceTree = "<group>";
		};
		972E8B05CC547E4828DD0D63 /* Pods */ = {
			isa = PBXGroup;
			children = (
				EB1764FA7C51DA066EBEB32E /* Pods.debug.xcconfig */,
				AEC711AEF7DEDD24C6F9BE73 /* Pods.release.xcconfig */,
			);
			name = Pods;
			sourceTree = "<group>";
		};
		D2B3CBA51AFCDB4E00ACD2A6 = {
			isa = PBXGroup;
			children = (
				D2B3CBB01AFCDB4E00ACD2A6 /* SocketClusterIOSSample */,
				D2B3CBAF1AFCDB4E00ACD2A6 /* Products */,
				972E8B05CC547E4828DD0D63 /* Pods */,
				3E8235D08DD60BA555097964 /* Frameworks */,
			);
			sourceTree = "<group>";
		};
		D2B3CBAF1AFCDB4E00ACD2A6 /* Products */ = {
			isa = PBXGroup;
			children = (
				D2B3CBAE1AFCDB4E00ACD2A6 /* SocketClusterIOSSample.app */,
			);
			name = Products;
			sourceTree = "<group>";
		};
		D2B3CBB01AFCDB4E00ACD2A6 /* SocketClusterIOSSample */ = {
			isa = PBXGroup;
			children = (
				D2B3CBB51AFCDB4E00ACD2A6 /* AppDelegate.h */,
				D2B3CBB61AFCDB4E00ACD2A6 /* AppDelegate.m */,
				D2B3CBB81AFCDB4E00ACD2A6 /* ViewController.h */,
				D2B3CBB91AFCDB4E00ACD2A6 /* ViewController.m */,
				D2B3CBDF1AFCDC9000ACD2A6 /* Main.storyboard */,
				D2B3CBBE1AFCDB4E00ACD2A6 /* Images.xcassets */,
				D2B3CBC01AFCDB4E00ACD2A6 /* LaunchScreen.xib */,
				D2B3CBB11AFCDB4E00ACD2A6 /* Supporting Files */,
			);
			path = SocketClusterIOSSample;
			sourceTree = "<group>";
		};
		D2B3CBB11AFCDB4E00ACD2A6 /* Supporting Files */ = {
			isa = PBXGroup;
			children = (
				D2B3CBB21AFCDB4E00ACD2A6 /* Info.plist */,
				D2B3CBB31AFCDB4E00ACD2A6 /* main.m */,
			);
			name = "Supporting Files";
			sourceTree = "<group>";
		};
/* End PBXGroup section */

/* Begin PBXNativeTarget section */
		D2B3CBAD1AFCDB4E00ACD2A6 /* SocketClusterIOSSample */ = {
			isa = PBXNativeTarget;
			buildConfigurationList = D2B3CBD11AFCDB4E00ACD2A6 /* Build configuration list for PBXNativeTarget "SocketClusterIOSSample" */;
			buildPhases = (
				4D7ED64F4FA6B96D9E229254 /* Check Pods Manifest.lock */,
				D2B3CBAA1AFCDB4E00ACD2A6 /* Sources */,
				D2B3CBAB1AFCDB4E00ACD2A6 /* Frameworks */,
				D2B3CBAC1AFCDB4E00ACD2A6 /* Resources */,
				3C80FC47FAFEEB12A5489B1A /* Copy Pods Resources */,
			);
			buildRules = (
			);
			dependencies = (
			);
			name = SocketClusterIOSSample;
			productName = SocketClusterIOSSample;
			productReference = D2B3CBAE1AFCDB4E00ACD2A6 /* SocketClusterIOSSample.app */;
			productType = "com.apple.product-type.application";
		};
/* End PBXNativeTarget section */

/* Begin PBXProject section */
		D2B3CBA61AFCDB4E00ACD2A6 /* Project object */ = {
			isa = PBXProject;
			attributes = {
				LastUpgradeCheck = 0630;
				ORGANIZATIONNAME = TopCloud;
				TargetAttributes = {
					D2B3CBAD1AFCDB4E00ACD2A6 = {
						CreatedOnToolsVersion = 6.3.1;
					};
				};
			};
			buildConfigurationList = D2B3CBA91AFCDB4E00ACD2A6 /* Build configuration list for PBXProject "SocketClusterIOSSample" */;
			compatibilityVersion = "Xcode 3.2";
			developmentRegion = English;
			hasScannedForEncodings = 0;
			knownRegions = (
				en,
				Base,
			);
			mainGroup = D2B3CBA51AFCDB4E00ACD2A6;
			productRefGroup = D2B3CBAF1AFCDB4E00ACD2A6 /* Products */;
			projectDirPath = "";
			projectRoot = "";
			targets = (
				D2B3CBAD1AFCDB4E00ACD2A6 /* SocketClusterIOSSample */,
			);
		};
/* End PBXProject section */

/* Begin PBXResourcesBuildPhase section */
		D2B3CBAC1AFCDB4E00ACD2A6 /* Resources */ = {
			isa = PBXResourcesBuildPhase;
			buildActionMask = 2147483647;
			files = (
				D2B3CBC21AFCDB4E00ACD2A6 /* LaunchScreen.xib in Resources */,
				D2B3CBBF1AFCDB4E00ACD2A6 /* Images.xcassets in Resources */,
				D2B3CBE01AFCDC9000ACD2A6 /* Main.storyboard in Resources */,
			);
			runOnlyForDeploymentPostprocessing = 0;
		};
/* End PBXResourcesBuildPhase section */

/* Begin PBXShellScriptBuildPhase section */
		3C80FC47FAFEEB12A5489B1A /* Copy Pods Resources */ = {
			isa = PBXShellScriptBuildPhase;
			buildActionMask = 2147483647;
			files = (
			);
			inputPaths = (
			);
			name = "Copy Pods Resources";
			outputPaths = (
			);
			runOnlyForDeploymentPostprocessing = 0;
			shellPath = /bin/sh;
			shellScript = "\"${SRCROOT}/Pods/Target Support Files/Pods/Pods-resources.sh\"\n";
			showEnvVarsInLog = 0;
		};
		4D7ED64F4FA6B96D9E229254 /* Check Pods Manifest.lock */ = {
			isa = PBXShellScriptBuildPhase;
			buildActionMask = 2147483647;
			files = (
			);
			inputPaths = (
			);
			name = "Check Pods Manifest.lock";
			outputPaths = (
			);
			runOnlyForDeploymentPostprocessing = 0;
			shellPath = /bin/sh;
			shellScript = "diff \"${PODS_ROOT}/../Podfile.lock\" \"${PODS_ROOT}/Manifest.lock\" > /dev/null\nif [[ $? != 0 ]] ; then\n    cat << EOM\nerror: The sandbox is not in sync with the Podfile.lock. Run 'pod install' or update your CocoaPods installation.\nEOM\n    exit 1\nfi\n";
			showEnvVarsInLog = 0;
		};
/* End PBXShellScriptBuildPhase section */

/* Begin PBXSourcesBuildPhase section */
		D2B3CBAA1AFCDB4E00ACD2A6 /* Sources */ = {
			isa = PBXSourcesBuildPhase;
			buildActionMask = 2147483647;
			files = (
				D2B3CBBA1AFCDB4E00ACD2A6 /* ViewController.m in Sources */,
				D2B3CBB71AFCDB4E00ACD2A6 /* AppDelegate.m in Sources */,
				D2B3CBB41AFCDB4E00ACD2A6 /* main.m in Sources */,
			);
			runOnlyForDeploymentPostprocessing = 0;
		};
/* End PBXSourcesBuildPhase section */

/* Begin PBXVariantGroup section */
		D2B3CBC01AFCDB4E00ACD2A6 /* LaunchScreen.xib */ = {
			isa = PBXVariantGroup;
			children = (
				D2B3CBC11AFCDB4E00ACD2A6 /* Base */,
			);
			name = LaunchScreen.xib;
			sourceTree = "<group>";
		};
/* End PBXVariantGroup section */

/* Begin XCBuildConfiguration section */
		D2B3CBCF1AFCDB4E00ACD2A6 /* Debug */ = {
			isa = XCBuildConfiguration;
			buildSettings = {
				ALWAYS_SEARCH_USER_PATHS = NO;
				CLANG_CXX_LANGUAGE_STANDARD = "gnu++0x";
				CLANG_CXX_LIBRARY = "libc++";
				CLANG_ENABLE_MODULES = YES;
				CLANG_ENABLE_OBJC_ARC = YES;
				CLANG_WARN_BOOL_CONVERSION = YES;
				CLANG_WARN_CONSTANT_CONVERSION = YES;
				CLANG_WARN_DIRECT_OBJC_ISA_USAGE = YES_ERROR;
				CLANG_WARN_EMPTY_BODY = YES;
				CLANG_WARN_ENUM_CONVERSION = YES;
				CLANG_WARN_INT_CONVERSION = YES;
				CLANG_WARN_OBJC_ROOT_CLASS = YES_ERROR;
				CLANG_WARN_UNREACHABLE_CODE = YES;
				CLANG_WARN__DUPLICATE_METHOD_MATCH = YES;
				"CODE_SIGN_IDENTITY[sdk=iphoneos*]" = "iPhone Developer";
				COPY_PHASE_STRIP = NO;
				DEBUG_INFORMATION_FORMAT = "dwarf-with-dsym";
				ENABLE_STRICT_OBJC_MSGSEND = YES;
				GCC_C_LANGUAGE_STANDARD = gnu99;
				GCC_DYNAMIC_NO_PIC = NO;
				GCC_NO_COMMON_BLOCKS = YES;
				GCC_OPTIMIZATION_LEVEL = 0;
				GCC_PREPROCESSOR_DEFINITIONS = (
					"DEBUG=1",
					"$(inherited)",
				);
				GCC_SYMBOLS_PRIVATE_EXTERN = NO;
				GCC_WARN_64_TO_32_BIT_CONVERSION = YES;
				GCC_WARN_ABOUT_RETURN_TYPE = YES_ERROR;
				GCC_WARN_UNDECLARED_SELECTOR = YES;
				GCC_WARN_UNINITIALIZED_AUTOS = YES_AGGRESSIVE;
				GCC_WARN_UNUSED_FUNCTION = YES;
				GCC_WARN_UNUSED_VARIABLE = YES;
				IPHONEOS_DEPLOYMENT_TARGET = 8.3;
				MTL_ENABLE_DEBUG_INFO = YES;
				ONLY_ACTIVE_ARCH = YES;
				SDKROOT = iphoneos;
			};
			name = Debug;
		};
		D2B3CBD01AFCDB4E00ACD2A6 /* Release */ = {
			isa = XCBuildConfiguration;
			buildSettings = {
				ALWAYS_SEARCH_USER_PATHS = NO;
				CLANG_CXX_LANGUAGE_STANDARD = "gnu++0x";
				CLANG_CXX_LIBRARY = "libc++";
				CLANG_ENABLE_MODULES = YES;
				CLANG_ENABLE_OBJC_ARC = YES;
				CLANG_WARN_BOOL_CONVERSION = YES;
				CLANG_WARN_CONSTANT_CONVERSION = YES;
				CLANG_WARN_DIRECT_OBJC_ISA_USAGE = YES_ERROR;
				CLANG_WARN_EMPTY_BODY = YES;
				CLANG_WARN_ENUM_CONVERSION = YES;
				CLANG_WARN_INT_CONVERSION = YES;
				CLANG_WARN_OBJC_ROOT_CLASS = YES_ERROR;
				CLANG_WARN_UNREACHABLE_CODE = YES;
				CLANG_WARN__DUPLICATE_METHOD_MATCH = YES;
				"CODE_SIGN_IDENTITY[sdk=iphoneos*]" = "iPhone Developer";
				COPY_PHASE_STRIP = NO;
				DEBUG_INFORMATION_FORMAT = "dwarf-with-dsym";
				ENABLE_NS_ASSERTIONS = NO;
				ENABLE_STRICT_OBJC_MSGSEND = YES;
				GCC_C_LANGUAGE_STANDARD = gnu99;
				GCC_NO_COMMON_BLOCKS = YES;
				GCC_WARN_64_TO_32_BIT_CONVERSION = YES;
				GCC_WARN_ABOUT_RETURN_TYPE = YES_ERROR;
				GCC_WARN_UNDECLARED_SELECTOR = YES;
				GCC_WARN_UNINITIALIZED_AUTOS = YES_AGGRESSIVE;
				GCC_WARN_UNUSED_FUNCTION = YES;
				GCC_WARN_UNUSED_VARIABLE = YES;
				IPHONEOS_DEPLOYMENT_TARGET = 8.3;
				MTL_ENABLE_DEBUG_INFO = NO;
				SDKROOT = iphoneos;
				VALIDATE_PRODUCT = YES;
			};
			name = Release;
		};
		D2B3CBD21AFCDB4E00ACD2A6 /* Debug */ = {
			isa = XCBuildConfiguration;
			baseConfigurationReference = EB1764FA7C51DA066EBEB32E /* Pods.debug.xcconfig */;
			buildSettings = {
				ASSETCATALOG_COMPILER_APPICON_NAME = AppIcon;
				INFOPLIST_FILE = SocketClusterIOSSample/Info.plist;
				LD_RUNPATH_SEARCH_PATHS = "$(inherited) @executable_path/Frameworks";
				LIBRARY_SEARCH_PATHS = (
					"$(inherited)",
					"$(PROJECT_DIR)",
					"$(PROJECT_DIR)/SocketClusterIOSSample",
				);
				OTHER_LDFLAGS = "$(inherited)";
				PRODUCT_NAME = "$(TARGET_NAME)";
			};
			name = Debug;
		};
		D2B3CBD31AFCDB4E00ACD2A6 /* Release */ = {
			isa = XCBuildConfiguration;
			baseConfigurationReference = AEC711AEF7DEDD24C6F9BE73 /* Pods.release.xcconfig */;
			buildSettings = {
				ASSETCATALOG_COMPILER_APPICON_NAME = AppIcon;
				INFOPLIST_FILE = SocketClusterIOSSample/Info.plist;
				LD_RUNPATH_SEARCH_PATHS = "$(inherited) @executable_path/Frameworks";
				LIBRARY_SEARCH_PATHS = (
					"$(inherited)",
					"$(PROJECT_DIR)",
					"$(PROJECT_DIR)/SocketClusterIOSSample",
				);
				OTHER_LDFLAGS = "$(inherited)";
				PRODUCT_NAME = "$(TARGET_NAME)";
			};
			name = Release;
		};
/* End XCBuildConfiguration section */

/* Begin XCConfigurationList section */
		D2B3CBA91AFCDB4E00ACD2A6 /* Build configuration list for PBXProject "SocketClusterIOSSample" */ = {
			isa = XCConfigurationList;
			buildConfigurations = (
				D2B3CBCF1AFCDB4E00ACD2A6 /* Debug */,
				D2B3CBD01AFCDB4E00ACD2A6 /* Release */,
			);
			defaultConfigurationIsVisible = 0;
			defaultConfigurationName = Release;
		};
		D2B3CBD11AFCDB4E00ACD2A6 /* Build configuration list for PBXNativeTarget "SocketClusterIOSSample" */ = {
			isa = XCConfigurationList;
			buildConfigurations = (
				D2B3CBD21AFCDB4E00ACD2A6 /* Debug */,
				D2B3CBD31AFCDB4E00ACD2A6 /* Release */,
			);
			defaultConfigurationIsVisible = 0;
			defaultConfigurationName = Release;
		};
/* End XCConfigurationList section */
	};
	rootObject = D2B3CBA61AFCDB4E00ACD2A6 /* Project object */;
}
